
Microsoft Visual Studio Solution File, Format Version 12.00
# Visual Studio Version 17
VisualStudioVersion = 17.0.31903.59
MinimumVisualStudioVersion = 10.0.40219.1
Project("{FAE04EC0-301F-11D3-BF4B-00C04F79EFBC}") = "Day5-OL-Part1", "Day5-OL-Part1\Day5-OL-Part1.csproj", "{98E561F3-4F9B-42CA-8204-A1672292AC65}"
EndProject
Project("{FAE04EC0-301F-11D3-BF4B-00C04F79EFBC}") = "Day5-OL-Part2", "Day5-OL-Part2\Day5-OL-Part2.csproj", "{BBEA5F77-A0ED-42B0-B514-766AB2B01D5F}"
EndProject
Global
	GlobalSection(SolutionConfigurationPlatforms) = preSolution
		Debug|Any CPU = Debug|Any CPU
		Release|Any CPU = Release|Any CPU
	EndGlobalSection
	GlobalSection(SolutionProperties) = preSolution
		HideSolutionNode = FALSE
	EndGlobalSection
	GlobalSection(ProjectConfigurationPlatforms) = postSolution
		{98E561F3-4F9B-42CA-8204-A1672292AC65}.Debug|Any CPU.ActiveCfg = Debug|Any CPU
		{98E561F3-4F9B-42CA-8204-A1672292AC65}.Debug|Any CPU.Build.0 = Debug|Any CPU
		{98E561F3-4F9B-42CA-8204-A1672292AC65}.Release|Any CPU.ActiveCfg = Release|Any CPU
		{98E561F3-4F9B-42CA-8204-A1672292AC65}.Release|Any CPU.Build.0 = Release|Any CPU
		{BBEA5F77-A0ED-42B0-B514-766AB2B01D5F}.Debug|Any CPU.ActiveCfg = Debug|Any CPU
		{BBEA5F77-A0ED-42B0-B514-766AB2B01D5F}.Debug|Any CPU.Build.0 = Debug|Any CPU
		{BBEA5F77-A0ED-42B0-B514-766AB2B01D5F}.Release|Any CPU.ActiveCfg = Release|Any CPU
		{BBEA5F77-A0ED-42B0-B514-766AB2B01D5F}.Release|Any CPU.Build.0 = Release|Any CPU
	EndGlobalSection
EndGlobal
